
Microsoft Visual Studio Solution File, Format Version 12.00
# Visual Studio Version 16
VisualStudioVersion = 16.0.31205.134
MinimumVisualStudioVersion = 10.0.40219.1
Project("{FAE04EC0-301F-11D3-BF4B-00C04F79EFBC}") = "ScolloLib", "ScolloLib\ScolloLib.csproj", "{BAFC3575-5D74-46CF-B2AA-A10FB9BB8478}"
EndProject
Project("{FAE04EC0-301F-11D3-BF4B-00C04F79EFBC}") = "Tests", "Tests\Tests.csproj", "{3AE3C391-0F4A-4C59-98E3-7B0892E32B95}"
EndProject
Global
	GlobalSection(SolutionConfigurationPlatforms) = preSolution
		Debug|Any CPU = Debug|Any CPU
		Release|Any CPU = Release|Any CPU
	EndGlobalSection
	GlobalSection(ProjectConfigurationPlatforms) = postSolution
		{BAFC3575-5D74-46CF-B2AA-A10FB9BB8478}.Debug|Any CPU.ActiveCfg = Debug|Any CPU
		{BAFC3575-5D74-46CF-B2AA-A10FB9BB8478}.Debug|Any CPU.Build.0 = Debug|Any CPU
		{BAFC3575-5D74-46CF-B2AA-A10FB9BB8478}.Release|Any CPU.ActiveCfg = Release|Any CPU
		{BAFC3575-5D74-46CF-B2AA-A10FB9BB8478}.Release|Any CPU.Build.0 = Release|Any CPU
		{3AE3C391-0F4A-4C59-98E3-7B0892E32B95}.Debug|Any CPU.ActiveCfg = Debug|Any CPU
		{3AE3C391-0F4A-4C59-98E3-7B0892E32B95}.Debug|Any CPU.Build.0 = Debug|Any CPU
		{3AE3C391-0F4A-4C59-98E3-7B0892E32B95}.Release|Any CPU.ActiveCfg = Release|Any CPU
		{3AE3C391-0F4A-4C59-98E3-7B0892E32B95}.Release|Any CPU.Build.0 = Release|Any CPU
	EndGlobalSection
	GlobalSection(SolutionProperties) = preSolution
		HideSolutionNode = FALSE
	EndGlobalSection
	GlobalSection(ExtensibilityGlobals) = postSolution
		SolutionGuid = {B43366CB-716E-4818-A377-8B293A9392DE}
	EndGlobalSection
EndGlobal
